{
  "name": "eff-pre",
  "version": "0.0.4",
  "lockfileVersion": 1,
  "requires": true,
  "dependencies": {
    "mcl-wasm": {
      "version": "0.7.3",
      "resolved": "https://registry.npmjs.org/mcl-wasm/-/mcl-wasm-0.7.3.tgz",
      "integrity": "sha512-3Hsf5AkzShmnFh6MO6ZuyaZs1HY/Q6CEOIPtq/fJa1KRfTOZSLTJAAV+MUMd1mEj3Pn13j/5/pcytzEdM/h7YA=="
    }
  }
}
